{
  "version": "2",
  "remote": {
    "https://deno.land/std@0.164.0/_util/asserts.ts": "d0844e9b62510f89ce1f9878b046f6a57bf88f208a10304aab50efcb48365272",
    "https://deno.land/std@0.164.0/async/abortable.ts": "87aa7230be8360c24ad437212311c9e8d4328854baec27b4c7abb26e85515c06",
    "https://deno.land/std@0.164.0/async/deadline.ts": "48ac998d7564969f3e6ec6b6f9bf0217ebd00239b1b2292feba61272d5dd58d0",
    "https://deno.land/std@0.164.0/async/debounce.ts": "dc8b92d4a4fe7eac32c924f2b8d3e62112530db70cadce27042689d82970b350",
    "https://deno.land/std@0.164.0/async/deferred.ts": "d8fb253ffde2a056e4889ef7e90f3928f28be9f9294b6505773d33f136aab4e6",
    "https://deno.land/std@0.164.0/async/delay.ts": "0419dfc993752849692d1f9647edf13407c7facc3509b099381be99ffbc9d699",
    "https://deno.land/std@0.164.0/async/mod.ts": "dd0a8ed4f3984ffabe2fcca7c9f466b7932d57b1864ffee148a5d5388316db6b",
    "https://deno.land/std@0.164.0/async/mux_async_iterator.ts": "3447b28a2a582224a3d4d3596bccbba6e85040da3b97ed64012f7decce98d093",
    "https://deno.land/std@0.164.0/async/pool.ts": "ef9eb97b388543acbf0ac32647121e4dbe629236899586c4d4311a8770fbb239",
    "https://deno.land/std@0.164.0/async/tee.ts": "9af3a3e7612af75861308b52249e167f5ebc3dcfc8a1a4d45462d96606ee2b70",
    "https://deno.land/std@0.164.0/bytes/bytes_list.ts": "aba5e2369e77d426b10af1de0dcc4531acecec27f9b9056f4f7bfbf8ac147ab4",
    "https://deno.land/std@0.164.0/bytes/equals.ts": "3c3558c3ae85526f84510aa2b48ab2ad7bdd899e2e0f5b7a8ffc85acb3a6043a",
    "https://deno.land/std@0.164.0/bytes/mod.ts": "b2e342fd3669176a27a4e15061e9d588b89c1aaf5008ab71766e23669565d179",
    "https://deno.land/std@0.164.0/io/buffer.ts": "245f1762a949082ddc0a6e9b15589d0be2d29c150266decd04320b8a8318f9f6",
    "https://deno.land/std@0.164.0/io/types.d.ts": "107e1e64834c5ba917c783f446b407d33432c5d612c4b3430df64fc2b4ecf091",
    "https://deno.land/std@0.164.0/streams/buffer.ts": "b532492d7ba43aecb59b6abdd546c2a47e2442cb4c50850b74311a2ccacfd981",
    "https://deno.land/std@0.164.0/streams/conversion.ts": "555c6c249f3acf85655f2d0af52d1cb3168e40b1c1fa26beefea501b333abe28",
    "https://deno.land/std@0.164.0/streams/delimiter.ts": "e18febbded53df275a897fac9249a6d0a6a5efc943256ad0f6cb23bf4d757668",
    "https://deno.land/std@0.164.0/streams/merge.ts": "88ed3dfa030ae076802688e4cadd762a251a41d81ed1776dfd9a2a9a0e970195",
    "https://deno.land/std@0.164.0/streams/mod.ts": "f402791689d74bd091ecf8f4015bc5b7d5c18132a55c7c72fe0576d1fb254cf9",
    "https://deno.land/std@0.171.0/_util/asserts.ts": "178dfc49a464aee693a7e285567b3d0b555dc805ff490505a8aae34f9cfb1462",
    "https://deno.land/std@0.171.0/_util/os.ts": "d932f56d41e4f6a6093d56044e29ce637f8dcc43c5a90af43504a889cf1775e3",
    "https://deno.land/std@0.171.0/fs/_util.ts": "65381f341af1ff7f40198cee15c20f59951ac26e51ddc651c5293e24f9ce6f32",
    "https://deno.land/std@0.171.0/fs/copy.ts": "14214efd94fc3aa6db1e4af2b4b9578e50f7362b7f3725d5a14ad259a5df26c8",
    "https://deno.land/std@0.171.0/fs/empty_dir.ts": "c3d2da4c7352fab1cf144a1ecfef58090769e8af633678e0f3fabaef98594688",
    "https://deno.land/std@0.171.0/fs/ensure_dir.ts": "724209875497a6b4628dfb256116e5651c4f7816741368d6c44aab2531a1e603",
    "https://deno.land/std@0.171.0/fs/ensure_file.ts": "c38602670bfaf259d86ca824a94e6cb9e5eb73757fefa4ebf43a90dd017d53d9",
    "https://deno.land/std@0.171.0/fs/ensure_link.ts": "c0f5b2f0ec094ed52b9128eccb1ee23362a617457aa0f699b145d4883f5b2fb4",
    "https://deno.land/std@0.171.0/fs/ensure_symlink.ts": "2955cc8332aeca9bdfefd05d8d3976b94e282b0f353392a71684808ed2ffdd41",
    "https://deno.land/std@0.171.0/fs/eol.ts": "f1f2eb348a750c34500741987b21d65607f352cf7205f48f4319d417fff42842",
    "https://deno.land/std@0.171.0/fs/exists.ts": "b8c8a457b71e9d7f29b9d2f87aad8dba2739cbe637e8926d6ba6e92567875f8e",
    "https://deno.land/std@0.171.0/fs/expand_glob.ts": "536055845aafc32de7e7a46c3b778a741825d5e2ed8580d9851a01ec7a5adf2e",
    "https://deno.land/std@0.171.0/fs/mod.ts": "bc3d0acd488cc7b42627044caf47d72019846d459279544e1934418955ba4898",
    "https://deno.land/std@0.171.0/fs/move.ts": "4cb47f880e3f0582c55e71c9f8b1e5e8cfaacb5e84f7390781dd563b7298ec19",
    "https://deno.land/std@0.171.0/fs/walk.ts": "ea95ffa6500c1eda6b365be488c056edc7c883a1db41ef46ec3bf057b1c0fe32",
    "https://deno.land/std@0.171.0/path/_constants.ts": "e49961f6f4f48039c0dfed3c3f93e963ca3d92791c9d478ac5b43183413136e0",
    "https://deno.land/std@0.171.0/path/_interface.ts": "6471159dfbbc357e03882c2266d21ef9afdb1e4aa771b0545e90db58a0ba314b",
    "https://deno.land/std@0.171.0/path/_util.ts": "86c2375a996c1931b2f2ac71fefd5ddf0cf0e579fa4ab12d3e4c552d4223b8d8",
    "https://deno.land/std@0.171.0/path/common.ts": "ee7505ab01fd22de3963b64e46cff31f40de34f9f8de1fff6a1bd2fe79380000",
    "https://deno.land/std@0.171.0/path/glob.ts": "d479e0a695621c94d3fd7fe7abd4f9499caf32a8de13f25073451c6ef420a4e1",
    "https://deno.land/std@0.171.0/path/mod.ts": "4b83694ac500d7d31b0cdafc927080a53dc0c3027eb2895790fb155082b0d232",
    "https://deno.land/std@0.171.0/path/posix.ts": "2ecc259e6f34013889b7638ff90339a82d8178f629155761ce6001e41af55a43",
    "https://deno.land/std@0.171.0/path/separator.ts": "0fb679739d0d1d7bf45b68dacfb4ec7563597a902edbaf3c59b50d5bcadd93b1",
    "https://deno.land/std@0.171.0/path/win32.ts": "99170a0eb0e2b1ce41499c1e86bb55320cb6606299ad947f57ee0a291cdb93d5",
    "https://deno.land/std@0.171.0/semver/mod.ts": "80acd488589001b15542847663101142fb251729a8c902ae60d66427a4a9eae1",
    "https://deno.land/std@0.177.0/_util/asserts.ts": "178dfc49a464aee693a7e285567b3d0b555dc805ff490505a8aae34f9cfb1462",
    "https://deno.land/std@0.177.0/_util/os.ts": "d932f56d41e4f6a6093d56044e29ce637f8dcc43c5a90af43504a889cf1775e3",
    "https://deno.land/std@0.177.0/async/abortable.ts": "73acfb3ed7261ce0d930dbe89e43db8d34e017b063cf0eaa7d215477bf53442e",
    "https://deno.land/std@0.177.0/async/deadline.ts": "c5facb0b404eede83e38bd2717ea8ab34faa2ffb20ef87fd261fcba32ba307aa",
    "https://deno.land/std@0.177.0/async/debounce.ts": "adab11d04ca38d699444ac8a9d9856b4155e8dda2afd07ce78276c01ea5a4332",
    "https://deno.land/std@0.177.0/async/deferred.ts": "42790112f36a75a57db4a96d33974a936deb7b04d25c6084a9fa8a49f135def8",
    "https://deno.land/std@0.177.0/async/delay.ts": "73aa04cec034c84fc748c7be49bb15cac3dd43a57174bfdb7a4aec22c248f0dd",
    "https://deno.land/std@0.177.0/async/mod.ts": "f04344fa21738e5ad6bea37a6bfffd57c617c2d372bb9f9dcfd118a1b622e576",
    "https://deno.land/std@0.177.0/async/mux_async_iterator.ts": "70c7f2ee4e9466161350473ad61cac0b9f115cff4c552eaa7ef9d50c4cbb4cc9",
    "https://deno.land/std@0.177.0/async/pool.ts": "fd082bd4aaf26445909889435a5c74334c017847842ec035739b4ae637ae8260",
    "https://deno.land/std@0.177.0/async/retry.ts": "5efa3ba450ac0c07a40a82e2df296287b5013755d232049efd7ea2244f15b20f",
    "https://deno.land/std@0.177.0/async/tee.ts": "47e42d35f622650b02234d43803d0383a89eb4387e1b83b5a40106d18ae36757",
    "https://deno.land/std@0.177.0/fmt/colors.ts": "938c5d44d889fb82eff6c358bea8baa7e85950a16c9f6dae3ec3a7a729164471",
    "https://deno.land/std@0.177.0/path/_constants.ts": "e49961f6f4f48039c0dfed3c3f93e963ca3d92791c9d478ac5b43183413136e0",
    "https://deno.land/std@0.177.0/path/_interface.ts": "6471159dfbbc357e03882c2266d21ef9afdb1e4aa771b0545e90db58a0ba314b",
    "https://deno.land/std@0.177.0/path/_util.ts": "d7abb1e0dea065f427b89156e28cdeb32b045870acdf865833ba808a73b576d0",
    "https://deno.land/std@0.177.0/path/common.ts": "ee7505ab01fd22de3963b64e46cff31f40de34f9f8de1fff6a1bd2fe79380000",
    "https://deno.land/std@0.177.0/path/glob.ts": "d479e0a695621c94d3fd7fe7abd4f9499caf32a8de13f25073451c6ef420a4e1",
    "https://deno.land/std@0.177.0/path/mod.ts": "4b83694ac500d7d31b0cdafc927080a53dc0c3027eb2895790fb155082b0d232",
    "https://deno.land/std@0.177.0/path/posix.ts": "8b7c67ac338714b30c816079303d0285dd24af6b284f7ad63da5b27372a2c94d",
    "https://deno.land/std@0.177.0/path/separator.ts": "0fb679739d0d1d7bf45b68dacfb4ec7563597a902edbaf3c59b50d5bcadd93b1",
    "https://deno.land/std@0.177.0/path/win32.ts": "d186344e5583bcbf8b18af416d13d82b35a317116e6460a5a3953508c3de5bba",
    "https://deno.land/std@0.177.0/testing/_diff.ts": "1a3c044aedf77647d6cac86b798c6417603361b66b54c53331b312caeb447aea",
    "https://deno.land/std@0.177.0/testing/_format.ts": "a69126e8a469009adf4cf2a50af889aca364c349797e63174884a52ff75cf4c7",
    "https://deno.land/std@0.177.0/testing/asserts.ts": "984ab0bfb3faeed92ffaa3a6b06536c66811185328c5dd146257c702c41b01ab",
    "https://deno.land/std@0.179.0/_util/asserts.ts": "178dfc49a464aee693a7e285567b3d0b555dc805ff490505a8aae34f9cfb1462",
    "https://deno.land/std@0.179.0/_util/os.ts": "d932f56d41e4f6a6093d56044e29ce637f8dcc43c5a90af43504a889cf1775e3",
    "https://deno.land/std@0.179.0/bytes/copy.ts": "939d89e302a9761dcf1d9c937c7711174ed74c59eef40a1e4569a05c9de88219",
    "https://deno.land/std@0.179.0/fmt/colors.ts": "938c5d44d889fb82eff6c358bea8baa7e85950a16c9f6dae3ec3a7a729164471",
    "https://deno.land/std@0.179.0/fs/_util.ts": "65381f341af1ff7f40198cee15c20f59951ac26e51ddc651c5293e24f9ce6f32",
    "https://deno.land/std@0.179.0/fs/copy.ts": "14214efd94fc3aa6db1e4af2b4b9578e50f7362b7f3725d5a14ad259a5df26c8",
    "https://deno.land/std@0.179.0/fs/empty_dir.ts": "c3d2da4c7352fab1cf144a1ecfef58090769e8af633678e0f3fabaef98594688",
    "https://deno.land/std@0.179.0/fs/ensure_dir.ts": "dc64c4c75c64721d4e3fb681f1382f803ff3d2868f08563ff923fdd20d071c40",
    "https://deno.land/std@0.179.0/fs/ensure_file.ts": "c38602670bfaf259d86ca824a94e6cb9e5eb73757fefa4ebf43a90dd017d53d9",
    "https://deno.land/std@0.179.0/fs/ensure_link.ts": "c0f5b2f0ec094ed52b9128eccb1ee23362a617457aa0f699b145d4883f5b2fb4",
    "https://deno.land/std@0.179.0/fs/ensure_symlink.ts": "5006ab2f458159c56d689b53b1e48d57e05eeb1eaf64e677f7f76a30bc4fdba1",
    "https://deno.land/std@0.179.0/fs/eol.ts": "f1f2eb348a750c34500741987b21d65607f352cf7205f48f4319d417fff42842",
    "https://deno.land/std@0.179.0/fs/exists.ts": "b8c8a457b71e9d7f29b9d2f87aad8dba2739cbe637e8926d6ba6e92567875f8e",
    "https://deno.land/std@0.179.0/fs/expand_glob.ts": "e4f56259a0a70fe23f05215b00de3ac5e6ba46646ab2a06ebbe9b010f81c972a",
    "https://deno.land/std@0.179.0/fs/mod.ts": "bc3d0acd488cc7b42627044caf47d72019846d459279544e1934418955ba4898",
    "https://deno.land/std@0.179.0/fs/move.ts": "4cb47f880e3f0582c55e71c9f8b1e5e8cfaacb5e84f7390781dd563b7298ec19",
    "https://deno.land/std@0.179.0/fs/walk.ts": "ea95ffa6500c1eda6b365be488c056edc7c883a1db41ef46ec3bf057b1c0fe32",
    "https://deno.land/std@0.179.0/io/buf_reader.ts": "90a7adcb3638d8e1361695cdf844d58bcd97c41711dc6f9f8acc0626ebe097f5",
    "https://deno.land/std@0.179.0/io/buffer.ts": "e2b7564f684dad625cab08f5106f33572d325705d19a36822b3272fbdfb8f726",
    "https://deno.land/std@0.179.0/path/_constants.ts": "e49961f6f4f48039c0dfed3c3f93e963ca3d92791c9d478ac5b43183413136e0",
    "https://deno.land/std@0.179.0/path/_interface.ts": "6471159dfbbc357e03882c2266d21ef9afdb1e4aa771b0545e90db58a0ba314b",
    "https://deno.land/std@0.179.0/path/_util.ts": "d7abb1e0dea065f427b89156e28cdeb32b045870acdf865833ba808a73b576d0",
    "https://deno.land/std@0.179.0/path/common.ts": "ee7505ab01fd22de3963b64e46cff31f40de34f9f8de1fff6a1bd2fe79380000",
    "https://deno.land/std@0.179.0/path/glob.ts": "d479e0a695621c94d3fd7fe7abd4f9499caf32a8de13f25073451c6ef420a4e1",
    "https://deno.land/std@0.179.0/path/mod.ts": "4b83694ac500d7d31b0cdafc927080a53dc0c3027eb2895790fb155082b0d232",
    "https://deno.land/std@0.179.0/path/posix.ts": "8b7c67ac338714b30c816079303d0285dd24af6b284f7ad63da5b27372a2c94d",
    "https://deno.land/std@0.179.0/path/separator.ts": "0fb679739d0d1d7bf45b68dacfb4ec7563597a902edbaf3c59b50d5bcadd93b1",
    "https://deno.land/std@0.179.0/path/win32.ts": "d186344e5583bcbf8b18af416d13d82b35a317116e6460a5a3953508c3de5bba",
    "https://deno.land/std@0.179.0/streams/read_all.ts": "bfa220b0e1d06fa4d0cb5178baba8f8b466019a7411511982bfa2320ca292815",
    "https://deno.land/std@0.179.0/streams/reader_from_stream_reader.ts": "3fda9390ec8520c8a9ea2aba2579208b18880a7663d7a9feec8f193b7af14e41",
    "https://deno.land/std@0.179.0/streams/write_all.ts": "3b2e1ce44913f966348ce353d02fa5369e94115181037cd8b602510853ec3033",
    "https://deno.land/std@0.179.0/types.d.ts": "220ed56662a0bd393ba5d124aa6ae2ad36a00d2fcbc0e8666a65f4606aaa9784",
    "https://deno.land/std@0.182.0/_util/asserts.ts": "178dfc49a464aee693a7e285567b3d0b555dc805ff490505a8aae34f9cfb1462",
    "https://deno.land/std@0.182.0/_util/os.ts": "d932f56d41e4f6a6093d56044e29ce637f8dcc43c5a90af43504a889cf1775e3",
    "https://deno.land/std@0.182.0/fmt/colors.ts": "d67e3cd9f472535241a8e410d33423980bec45047e343577554d3356e1f0ef4e",
    "https://deno.land/std@0.182.0/fs/_util.ts": "65381f341af1ff7f40198cee15c20f59951ac26e51ddc651c5293e24f9ce6f32",
    "https://deno.land/std@0.182.0/fs/copy.ts": "14214efd94fc3aa6db1e4af2b4b9578e50f7362b7f3725d5a14ad259a5df26c8",
    "https://deno.land/std@0.182.0/fs/empty_dir.ts": "c3d2da4c7352fab1cf144a1ecfef58090769e8af633678e0f3fabaef98594688",
    "https://deno.land/std@0.182.0/fs/ensure_dir.ts": "dc64c4c75c64721d4e3fb681f1382f803ff3d2868f08563ff923fdd20d071c40",
    "https://deno.land/std@0.182.0/fs/ensure_file.ts": "c38602670bfaf259d86ca824a94e6cb9e5eb73757fefa4ebf43a90dd017d53d9",
    "https://deno.land/std@0.182.0/fs/ensure_link.ts": "c0f5b2f0ec094ed52b9128eccb1ee23362a617457aa0f699b145d4883f5b2fb4",
    "https://deno.land/std@0.182.0/fs/ensure_symlink.ts": "5006ab2f458159c56d689b53b1e48d57e05eeb1eaf64e677f7f76a30bc4fdba1",
    "https://deno.land/std@0.182.0/fs/eol.ts": "f1f2eb348a750c34500741987b21d65607f352cf7205f48f4319d417fff42842",
    "https://deno.land/std@0.182.0/fs/exists.ts": "29c26bca8584a22876be7cb8844f1b6c8fc35e9af514576b78f5c6884d7ed02d",
    "https://deno.land/std@0.182.0/fs/expand_glob.ts": "e4f56259a0a70fe23f05215b00de3ac5e6ba46646ab2a06ebbe9b010f81c972a",
    "https://deno.land/std@0.182.0/fs/mod.ts": "bc3d0acd488cc7b42627044caf47d72019846d459279544e1934418955ba4898",
    "https://deno.land/std@0.182.0/fs/move.ts": "4cb47f880e3f0582c55e71c9f8b1e5e8cfaacb5e84f7390781dd563b7298ec19",
    "https://deno.land/std@0.182.0/fs/walk.ts": "920be35a7376db6c0b5b1caf1486fb962925e38c9825f90367f8f26b5e5d0897",
    "https://deno.land/std@0.182.0/path/_constants.ts": "e49961f6f4f48039c0dfed3c3f93e963ca3d92791c9d478ac5b43183413136e0",
    "https://deno.land/std@0.182.0/path/_interface.ts": "6471159dfbbc357e03882c2266d21ef9afdb1e4aa771b0545e90db58a0ba314b",
    "https://deno.land/std@0.182.0/path/_util.ts": "d7abb1e0dea065f427b89156e28cdeb32b045870acdf865833ba808a73b576d0",
    "https://deno.land/std@0.182.0/path/common.ts": "ee7505ab01fd22de3963b64e46cff31f40de34f9f8de1fff6a1bd2fe79380000",
    "https://deno.land/std@0.182.0/path/glob.ts": "d479e0a695621c94d3fd7fe7abd4f9499caf32a8de13f25073451c6ef420a4e1",
    "https://deno.land/std@0.182.0/path/mod.ts": "bf718f19a4fdd545aee1b06409ca0805bd1b68ecf876605ce632e932fe54510c",
    "https://deno.land/std@0.182.0/path/posix.ts": "8b7c67ac338714b30c816079303d0285dd24af6b284f7ad63da5b27372a2c94d",
    "https://deno.land/std@0.182.0/path/separator.ts": "0fb679739d0d1d7bf45b68dacfb4ec7563597a902edbaf3c59b50d5bcadd93b1",
    "https://deno.land/std@0.182.0/path/win32.ts": "d186344e5583bcbf8b18af416d13d82b35a317116e6460a5a3953508c3de5bba",
    "https://deno.land/std@0.182.0/testing/_diff.ts": "1a3c044aedf77647d6cac86b798c6417603361b66b54c53331b312caeb447aea",
    "https://deno.land/std@0.182.0/testing/_format.ts": "a69126e8a469009adf4cf2a50af889aca364c349797e63174884a52ff75cf4c7",
    "https://deno.land/std@0.182.0/testing/_test_suite.ts": "30f018feeb3835f12ab198d8a518f9089b1bcb2e8c838a8b615ab10d5005465c",
    "https://deno.land/std@0.182.0/testing/asserts.ts": "e16d98b4d73ffc4ed498d717307a12500ae4f2cbe668f1a215632d19fcffc22f",
    "https://deno.land/std@0.182.0/testing/bdd.ts": "c5ca6d85940dbcc19b4d2bc3608d49ab65d81470aa91306d5efa4b0d5c945731",
    "https://deno.land/x/async@v1.2.0/condition.ts": "08f990d787a7ac3dfef63fcb65bd06a03793195bab6009c1055b863bd58ce7b1",
    "https://deno.land/x/async@v1.2.0/deps.ts": "bfe65aeca789c949e425888789f256add52dea7f3997c2708cbf1a0e14bafbc5",
    "https://deno.land/x/async@v1.2.0/event.ts": "6ecbab41fb1aead24da306355e5051b86d7d0b6062ed10ae0bdc80c5115c3b73",
    "https://deno.land/x/async@v1.2.0/lock.ts": "6d4845198381712d67f23b8c285c47498c9d5a63dec0fefe99fc4529a7f31462",
    "https://deno.land/x/async@v1.2.0/mod.ts": "27b75655290584f52b2b39698fd2615e0f1160638bbf92da89ee5050a99b1125",
    "https://deno.land/x/async@v1.2.0/queue.ts": "8e97864684cb09d42e00b62115ec43f7325f4104512cc016ce2ff3534388aaf5",
    "https://deno.land/x/async@v1.2.0/semaphore.ts": "a63024b1a7d8fd609165384f79718c6a45a6de5d69a550945dfcae4670bef131",
    "https://deno.land/x/async@v1.2.0/state.ts": "a71692b72371239120b196d0c6a249631bab867dd499e85c422c2e5ec9695999",
    "https://deno.land/x/dax@0.30.1/mod.ts": "321cedcadf8ba261aef0083d0e50edcc76486822e0f62b64ec364e92ef246e42",
    "https://deno.land/x/dax@0.30.1/src/command.ts": "0cb8a5ba2748423355e7e86e6150aba3b2672b09700715a551fcbd21df49f159",
    "https://deno.land/x/dax@0.30.1/src/command_handler.ts": "d32dafb16ec21d673aef9eb1dfde435ab5b139a2d0f0de5c6afa6c849121b3bd",
    "https://deno.land/x/dax@0.30.1/src/commands/args.ts": "a138aef24294e3cbf13cef08f4836d018e8dd99fd06ad82e7e7f08ef680bbc1d",
    "https://deno.land/x/dax@0.30.1/src/commands/cd.ts": "15a75fb42646445fb6a061af1f52c63253c7c45accdbc801a92a5b00f1cf212c",
    "https://deno.land/x/dax@0.30.1/src/commands/cp_mv.ts": "58205a82a9404e444c7c5caf98b5dd2b350c668c0b421546a038b76ea8b6a53d",
    "https://deno.land/x/dax@0.30.1/src/commands/echo.ts": "2af0b8f33a688a972540848487cb6a045debe504edcc5eb40bd9eb4aad6058c4",
    "https://deno.land/x/dax@0.30.1/src/commands/exit.ts": "36759cba6494062891216794bffa61803a6d547fe05a5a5da76a7daa31b8968a",
    "https://deno.land/x/dax@0.30.1/src/commands/export.ts": "b6ecad1203cfe606d69da6c16736f31acf211e864e6822484d85cea1cb7d5528",
    "https://deno.land/x/dax@0.30.1/src/commands/mkdir.ts": "9381ecdc0e0203d941f89027b6ef2865393bf0a66670bf5f5aaa6a49669244c7",
    "https://deno.land/x/dax@0.30.1/src/commands/pwd.ts": "5438aea979027bfa5c64c2a7f1073389735ea986f6abe2174ec21bcb70a2156f",
    "https://deno.land/x/dax@0.30.1/src/commands/rm.ts": "d911ff4e2e0b3d3c5d426c7b735313741ad762d9e25a743f101a1b05447eecf8",
    "https://deno.land/x/dax@0.30.1/src/commands/sleep.ts": "61e454eb033912f19c2a15e8c15462fcc5cbc343c1fb4979093b9042899e7016",
    "https://deno.land/x/dax@0.30.1/src/commands/test.ts": "e54fcfd68cabe9b7743de7015eabcd6c8509c02def41477edc2fcd90b92050ce",
    "https://deno.land/x/dax@0.30.1/src/commands/touch.ts": "5953dbde8732da47ade9b7554a638ea06a8b67a59842e638fb79f7aebe392650",
    "https://deno.land/x/dax@0.30.1/src/common.ts": "c0e809c591400dbadb25197f2819c59fec6b897c94c1aba6a026d5d1eee9cb53",
    "https://deno.land/x/dax@0.30.1/src/console/confirm.ts": "d9128d10b77fcc0a8df2784f71c79df68f5c8e00a34b04547b9ba9ddf1c97f96",
    "https://deno.land/x/dax@0.30.1/src/console/logger.ts": "e0ab5025915cef70df03681c756e211f25bb2e4331f82ed4256b17ddd9e794ea",
    "https://deno.land/x/dax@0.30.1/src/console/mod.ts": "29ae1f8250b74a477e26a3b6ccf647badf5d8f8e2a9e6c4aa0d5df9e3bbbb273",
    "https://deno.land/x/dax@0.30.1/src/console/multiSelect.ts": "31003744e58f45f720271bd034d8cfba1055c954ba02d77a2f2eb21e4c1ed55a",
    "https://deno.land/x/dax@0.30.1/src/console/progress/format.ts": "15ddbb8051580f88ed499281e12ca6f881f875ab73268d7451d7113ee130bd7d",
    "https://deno.land/x/dax@0.30.1/src/console/progress/interval.ts": "80188d980a27c2eb07c31324365118af549641442f0752fe7c3b0c91832e5046",
    "https://deno.land/x/dax@0.30.1/src/console/progress/mod.ts": "df1017c87a33c3b0152422e753ea203aa706b9e5570a3930a6fce6f86ee2bcf5",
    "https://deno.land/x/dax@0.30.1/src/console/prompt.ts": "78c645b41a7562133d05a10901ae4d682cb22bfaf0b5a21cc8475ca2a946aee1",
    "https://deno.land/x/dax@0.30.1/src/console/select.ts": "c9d7124d975bf34d52ea1ac88fd610ed39db8ee6505b9bb53f371cef2f56c6ab",
    "https://deno.land/x/dax@0.30.1/src/console/utils.ts": "954c99397dcd2cb3f1ccf50055085f17c9ffb31b25b3c5719776de81e23935f4",
    "https://deno.land/x/dax@0.30.1/src/deps.ts": "821301a75ab979c78099b1f3fc55825873dffb2cfa8fb2ffc44039b0c7747ea1",
    "https://deno.land/x/dax@0.30.1/src/lib/mod.ts": "c8e9ca527dacf1e5a0132f07c6d0e4b4bc6f86b6c83694316fb5805f325dd9fe",
    "https://deno.land/x/dax@0.30.1/src/lib/rs_lib.generated.js": "22f6813fc63f7ae7f01f2fdec892f66831d858fc376fd57ab018be9a78bbb5fd",
    "https://deno.land/x/dax@0.30.1/src/path.ts": "1f02b8976eb783c6e68ec925fb3f10af422555f94072fc6ba748c12340657af7",
    "https://deno.land/x/dax@0.30.1/src/pipes.ts": "3aa984c0d031f4221953e228ba89452a86068a80d2811fddb9c60737cd4ab174",
    "https://deno.land/x/dax@0.30.1/src/request.ts": "66a1b19301e0e3b918b8982836ce1d071e2555e7d02a4c31cec8f9d3221c5f9d",
    "https://deno.land/x/dax@0.30.1/src/result.ts": "db83149d543f8b0625319f5169ec654faca6da42a046e75e7722a00cc5a7ea72",
    "https://deno.land/x/dax@0.30.1/src/shell.ts": "55e60cc0017a4a31833c390971381cce3875a17bc3b6430dfd976d035831871f",
    "https://deno.land/x/ddu_vim@v2.7.0/base/column.ts": "a6ac04b39a9f6e5da9016064f77a6bbfd871225fda7ab424385a07b61b3edc22",
    "https://deno.land/x/ddu_vim@v2.7.0/base/filter.ts": "de21dde16324ea94da39616df2d8be1dabb4444a634f3fa779c39e1e965ec8be",
    "https://deno.land/x/ddu_vim@v2.7.0/base/kind.ts": "93c807ec4576b7d377c4097c86ca451578c7b8adf42c3871ae4f6f9aea5596d5",
    "https://deno.land/x/ddu_vim@v2.7.0/base/source.ts": "337e2955f8ce46c1891698c1da36ae7d9baf7a0be381ff1bd3ba2adc0c0341a4",
    "https://deno.land/x/ddu_vim@v2.7.0/base/ui.ts": "0f5e3951f40e0fc20e11112c6374c09d6388b85959d78c6b32343db711341a57",
    "https://deno.land/x/ddu_vim@v2.7.0/deps.ts": "4efa63fc30435cde9a67689630412c006447c15b820a4df2e7bf114877629142",
    "https://deno.land/x/ddu_vim@v2.7.0/types.ts": "0a2375affd77b282bf52c5bd3c5d4287874f70ba1e68bf533bfa6fc451368314",
    "https://deno.land/x/denops_core@v4.0.0/denops.ts": "73561b60556ffb39112feff4f53eac1752c1f2db28548c5c74e2befb5ae741bf",
    "https://deno.land/x/denops_core@v4.0.0/mod.ts": "abc31bf739a30a8cf07d54a56b7c5d5efb8105bf9dd4d6dae4866649985bc035",
    "https://deno.land/x/denops_std@v4.0.0/anonymous/mod.ts": "00aeebf858fca90ea5b6e740ba76054bd89f89df8df1de28650fa6afa3e329eb",
    "https://deno.land/x/denops_std@v4.0.0/autocmd/common.ts": "efefc6d54297525fcbdd38f4f870403cf1897ad957bfa191658e4336cf3e7bee",
    "https://deno.land/x/denops_std@v4.0.0/autocmd/group.ts": "43ee21b2a02398a276aad563eccac542f593b8dd981ac7ccbcb3abbeca623e0a",
    "https://deno.land/x/denops_std@v4.0.0/autocmd/mod.ts": "a3fbf1c1b2bd5a7f95a3bc94e6df909b291376d657bc35272b52ad3e2728ec8a",
    "https://deno.land/x/denops_std@v4.0.0/autocmd/types.ts": "485f918030b3d28c86052dcf7822f6bbeaa95119db1f0d7632af54b1c087f53c",
    "https://deno.land/x/denops_std@v4.0.0/autocmd/utils.ts": "f0238f60cf80acb14c8aaa89b25454714f3f627b1f8c94ca8197e906ff753f3f",
    "https://deno.land/x/denops_std@v4.0.0/batch/batch.ts": "9bf8125b451959edc2f8d95e1829f3bcf4d138526a4d4f3c17865026abf07372",
    "https://deno.land/x/denops_std@v4.0.0/batch/gather.ts": "ca346eb547c954251b1be56a153f0de06d7a8b3080a76f228cf3da9370b187b8",
    "https://deno.land/x/denops_std@v4.0.0/batch/mod.ts": "31952c134d344bab5a7dbc3304506a5b60afa96d50bfbaf5dce1971251183dea",
    "https://deno.land/x/denops_std@v4.0.0/function/_generated.ts": "5cd50c86f8a80fc47f643defacdca785216f8a11ecba1e71520bff6b3ff0f82c",
    "https://deno.land/x/denops_std@v4.0.0/function/_manual.ts": "a26da7f6d5cae879eac8ebb925cf86943ef49644fe99878c69c6917697672ea7",
    "https://deno.land/x/denops_std@v4.0.0/function/buffer.ts": "6126d5978edebc1c335d27acc2bb5f11aadc97c569fcd4b2780ba6b5e1050f54",
    "https://deno.land/x/denops_std@v4.0.0/function/common.ts": "8f3659c1e55f9333e821f8ee70625df8903ca8439253708f519fe82346945952",
    "https://deno.land/x/denops_std@v4.0.0/function/cursor.ts": "07c5600f529794a5770ddd4bce15771a4fb8125b0148fb092656d9cf1854c710",
    "https://deno.land/x/denops_std@v4.0.0/function/getreginfo.ts": "3dc36377121fa9958e2ac105c2e0d2e88a6118d14987acd3cee44dbffc2f90a3",
    "https://deno.land/x/denops_std@v4.0.0/function/input.ts": "1085df40870f7ae7b7c9d77fdd77da1dbbff36d77d9ce68d75257ddf69720cd5",
    "https://deno.land/x/denops_std@v4.0.0/function/mod.ts": "714b13733ab9a1a4cb77220dafe27ee5edabe00c000ab79f8ab030a5c8440788",
    "https://deno.land/x/denops_std@v4.0.0/function/types.ts": "e45d9ad042f7901fa38bf530672a378a629dcdf9f79fa759506912ca4a0d18f9",
    "https://deno.land/x/denops_std@v4.0.0/function/various.ts": "0f28ba97b4fd831cf9f7400fe466c7b943fec18868f3a701f7f348b33f1cfba3",
    "https://deno.land/x/denops_std@v4.0.0/helper/echo.ts": "21df75fdf37a9847c34f7c0a91812d0b119f8f68e514ac38188f5e958afbdf0f",
    "https://deno.land/x/denops_std@v4.0.0/helper/execute.ts": "a9446708959c5f417301c1eeab0ead2a8abbaf4b5e22e59b927d7ea18557c9f7",
    "https://deno.land/x/denops_std@v4.0.0/helper/input.ts": "86470d6539813c2bc17ba2d2040215de2dfc959bcdb9cbd4be279e6d025dd679",
    "https://deno.land/x/denops_std@v4.0.0/helper/load.ts": "b876c629d624f040ebbc073800912e531a7367bb3258e677bc2e4efb4c2e3422",
    "https://deno.land/x/denops_std@v4.0.0/helper/mod.ts": "4f008bc1bfdb89129b493c49be1996c9aa7902ad0a862675a7884d4d6c255c8f",
    "https://deno.land/x/denops_std@v4.0.0/mod.ts": "d6bbd362334ac11d515764f478dcea7be69fe1b11e8141065779849dfca9c92a",
    "https://deno.land/x/denops_std@v4.0.0/option/_generated.ts": "2106adf57207b2c01eb7e4dab4c4654ea389c2d64be5c35df1dc4c36d0d8707b",
    "https://deno.land/x/denops_std@v4.0.0/option/_manual.ts": "e3b0c44298fc1c149afbf4c8996fb92427ae41e4649b934ca495991b7852b855",
    "https://deno.land/x/denops_std@v4.0.0/option/mod.ts": "d1c79cd2733c3efc2d3b89f51cfe8d71f2567af066d0c0e27fa3d0731e3d7c96",
    "https://deno.land/x/denops_std@v4.0.0/util.ts": "ded8c5790c4cb6082d27596ff0958291d795695ec6323113dec5c1985b5ebb46",
    "https://deno.land/x/denops_std@v4.0.0/variable/environment.ts": "1a0045c15416a6c19668b54bc66d069481bf19c2924412da7c7c5ce1f049ec1e",
    "https://deno.land/x/denops_std@v4.0.0/variable/mod.ts": "b247a9153211f1fd1eaaadf35efc3b0f7dd16ed57eb2a8137419138934a2fec5",
    "https://deno.land/x/denops_std@v4.0.0/variable/option.ts": "4b8442d94edee547bc505eb9c774f7b0bfe8915d4878bef803e64d5e01f58a7f",
    "https://deno.land/x/denops_std@v4.0.0/variable/register.ts": "12d6640087aed01f4cdb7751c7af077a558e3b276d209772edc787411136a3b4",
    "https://deno.land/x/denops_std@v4.0.0/variable/types.ts": "3b13afd2ee36e901ab0c158c68cdfb0c7ded3bec25ccb44346fb5c333ae1070c",
    "https://deno.land/x/denops_std@v4.0.0/variable/variable.ts": "d5fe93f9f4437bed116fdd07d4ca5d94a6a0e6da886d0f145343a4577a28485a",
    "https://deno.land/x/dir@1.5.1/data_local_dir/mod.ts": "91eb1c4bfadfbeda30171007bac6d85aadacd43224a5ed721bbe56bc64e9eb66",
    "https://deno.land/x/disposable@v1.0.2/mod.ts": "35bdb7afa8506c417a54a81821974f8466d8b7c1d1fb4342c99960a600d838ba",
    "https://deno.land/x/disposable@v1.0.2/types.ts": "3533500ccb5234e471b8d65bf5378dd41b5f8f39acccfeb9cdc9e6a407e71734",
    "https://deno.land/x/disposable@v1.0.2/using.ts": "db46551966a442af3a46f6b7ffe8af455ad379740373c3428f858e45c1e2e180",
    "https://deno.land/x/msgpack@v1.4/CachedKeyDecoder.ts": "c39b6f1572902ae08c0e4971f639e81031ac59403957fc43c6fb3c7fe69d99a1",
    "https://deno.land/x/msgpack@v1.4/Decoder.ts": "bdb68309cd51da2b9a897f269784c6d636796258838a97f25b0e1b399c6f369b",
    "https://deno.land/x/msgpack@v1.4/Encoder.ts": "4852bbacb30cd66eb2bd61a9e20476802458b991e13aacb5eb984d0348247ffe",
    "https://deno.land/x/msgpack@v1.4/ExtData.ts": "8d97fe43568e119a1eeb93e1ef1c431e0a24e392fb0c6ffed775aac1e579f244",
    "https://deno.land/x/msgpack@v1.4/ExtensionCodec.ts": "e8a24eb1786156239f589cc3058c8ff3d79ed393f420c40fdf7a93df943c91f2",
    "https://deno.land/x/msgpack@v1.4/context.ts": "6228de10854dbadf6aef096960af0115214078ec3784eca4565587769fde3d1c",
    "https://deno.land/x/msgpack@v1.4/decode.ts": "c808aeec46f6d0e5b28d0bbacd40e78d0a3614b229368c70db2e53c03f7555ca",
    "https://deno.land/x/msgpack@v1.4/decodeAsync.ts": "19e4f33ba0cc8d200b857deb9721bace863c0e89f7bff73e2b04379e4ee85bad",
    "https://deno.land/x/msgpack@v1.4/encode.ts": "c5598f8eec9efcbd0ef07f246ade049a8f4906703cdb601baf03b2774b293916",
    "https://deno.land/x/msgpack@v1.4/mod.ts": "c28290db26b1ea027e1798085fd6c8055685ea086f1418d54a33542b285633c9",
    "https://deno.land/x/msgpack@v1.4/timestamp.ts": "5169949efe39bc24f58cd5dcaae682cdf5353c762a54abf9ae6e18c8d9feb648",
    "https://deno.land/x/msgpack@v1.4/utils/int.ts": "b08743982f954d2dd7f4f11d868019576b63cb8147d8acc1bce3843f39398188",
    "https://deno.land/x/msgpack@v1.4/utils/prettyByte.ts": "35c8104d57ba2a727056beaf1063bbe941d512cdd23ce6b04d7c5b44dafcd46e",
    "https://deno.land/x/msgpack@v1.4/utils/stream.ts": "1315e29af5c1a40d97bfa6f1c4f7f73d26067b912236f56851981f2f049500b8",
    "https://deno.land/x/msgpack@v1.4/utils/typedArrays.ts": "bb819c2f28cf7f85ed50b2e57f108462715555cc61ce315e8134cf1eef2ae662",
    "https://deno.land/x/msgpack@v1.4/utils/utf8.ts": "93183055a7a41986080eeb711e83d553e7c8b121642da4379a5adf253b7beefd",
    "https://deno.land/x/msgpack_rpc@v4.0.0/deps.ts": "81136273fc8e1505b63ecc779f4d24f5138a9236851ce40b9815ee4617625a3e",
    "https://deno.land/x/msgpack_rpc@v4.0.0/message.ts": "c5e12aa8868920d21d5ddc8c002f8cf8e30a654076fe9c97d9751665e17c2482",
    "https://deno.land/x/msgpack_rpc@v4.0.0/response_waiter.ts": "b1aa8166ada0b4c2465f78cc41ba472ba35bc098be9b5143938b75ae182b73bc",
    "https://deno.land/x/outdent@v0.8.0/src/index.ts": "6dc3df4108d5d6fedcdb974844d321037ca81eaaa16be6073235ff3268841a22",
    "https://deno.land/x/unknownutil@v2.1.0/assert.ts": "33ac165c3917129a66f29a7098c0d56d8be290cc271afd0152705b97c770892d",
    "https://deno.land/x/unknownutil@v2.1.0/ensure.ts": "c7878930c8bd341e88c4f1fc742e98fe5e8451f5b9bac21fae2d085914d95827",
    "https://deno.land/x/unknownutil@v2.1.0/is.ts": "32ef707359264c5baf97725ceb13f87ef34e73b50eb199d76034742bec21f2a2",
    "https://deno.land/x/unknownutil@v2.1.0/maybe.ts": "260f159636893d2d0e08814151a0b19b3bc0e7fa8b423bdf2b64aa664a4ee735",
    "https://deno.land/x/unknownutil@v2.1.0/mod.ts": "ccd4f6ba067ac766da0533f13a018a6734c042a9484115fa49c7face17e8501d",
    "https://deno.land/x/which@0.2.2/mod.ts": "fd5335ef1c89bda4c7942d69dd8f895270207ba0384a97c4862ac65bba1f2343"
  }
}
